
Microsoft Visual Studio Solution File, Format Version 12.00
# Visual Studio Version 16
VisualStudioVersion = 16.0.29613.14
MinimumVisualStudioVersion = 10.0.40219.1
Project("{FAE04EC0-301F-11D3-BF4B-00C04F79EFBC}") = "PaginationWPF", "PaginationWPF\PaginationWPF.csproj", "{7A5BDB89-7CE3-468D-9DAC-B3A2B233F47F}"
EndProject
Project("{FAE04EC0-301F-11D3-BF4B-00C04F79EFBC}") = "helperControls", "helperControls\helperControls.csproj", "{0C2088E7-BE95-4D3E-9F82-E4913D75F480}"
EndProject
Global
	GlobalSection(SolutionConfigurationPlatforms) = preSolution
		Debug|Any CPU = Debug|Any CPU
		Release|Any CPU = Release|Any CPU
	EndGlobalSection
	GlobalSection(ProjectConfigurationPlatforms) = postSolution
		{7A5BDB89-7CE3-468D-9DAC-B3A2B233F47F}.Debug|Any CPU.ActiveCfg = Debug|Any CPU
		{7A5BDB89-7CE3-468D-9DAC-B3A2B233F47F}.Debug|Any CPU.Build.0 = Debug|Any CPU
		{7A5BDB89-7CE3-468D-9DAC-B3A2B233F47F}.Release|Any CPU.ActiveCfg = Release|Any CPU
		{7A5BDB89-7CE3-468D-9DAC-B3A2B233F47F}.Release|Any CPU.Build.0 = Release|Any CPU
		{0C2088E7-BE95-4D3E-9F82-E4913D75F480}.Debug|Any CPU.ActiveCfg = Debug|Any CPU
		{0C2088E7-BE95-4D3E-9F82-E4913D75F480}.Debug|Any CPU.Build.0 = Debug|Any CPU
		{0C2088E7-BE95-4D3E-9F82-E4913D75F480}.Release|Any CPU.ActiveCfg = Release|Any CPU
		{0C2088E7-BE95-4D3E-9F82-E4913D75F480}.Release|Any CPU.Build.0 = Release|Any CPU
	EndGlobalSection
	GlobalSection(SolutionProperties) = preSolution
		HideSolutionNode = FALSE
	EndGlobalSection
	GlobalSection(ExtensibilityGlobals) = postSolution
		SolutionGuid = {4A729CCA-8712-4126-BBDD-16A8CF27BA5B}
	EndGlobalSection
EndGlobal
