
Microsoft Visual Studio Solution File, Format Version 12.00
# Visual Studio Version 17
VisualStudioVersion = 17.5.33516.290
MinimumVisualStudioVersion = 10.0.40219.1
Project("{FAE04EC0-301F-11D3-BF4B-00C04F79EFBC}") = "SettingsPageDemo", "SettingsPageDemo.csproj", "{78CF44F5-C828-4626-838B-B7FC2A9CA192}"
EndProject
Global
	GlobalSection(SolutionConfigurationPlatforms) = preSolution
		Debug|Any CPU = Debug|Any CPU
		Release|Any CPU = Release|Any CPU
	EndGlobalSection
	GlobalSection(ProjectConfigurationPlatforms) = postSolution
		{78CF44F5-C828-4626-838B-B7FC2A9CA192}.Debug|Any CPU.ActiveCfg = Debug|Any CPU
		{78CF44F5-C828-4626-838B-B7FC2A9CA192}.Debug|Any CPU.Build.0 = Debug|Any CPU
		{78CF44F5-C828-4626-838B-B7FC2A9CA192}.Release|Any CPU.ActiveCfg = Release|Any CPU
		{78CF44F5-C828-4626-838B-B7FC2A9CA192}.Release|Any CPU.Build.0 = Release|Any CPU
	EndGlobalSection
	GlobalSection(SolutionProperties) = preSolution
		HideSolutionNode = FALSE
	EndGlobalSection
	GlobalSection(ExtensibilityGlobals) = postSolution
		SolutionGuid = {B220BD0F-36E2-4C09-B4B1-1F14AEEFCE4E}
	EndGlobalSection
EndGlobal
