
Microsoft Visual Studio Solution File, Format Version 12.00
# Visual Studio Version 16
VisualStudioVersion = 16.0.31019.35
MinimumVisualStudioVersion = 10.0.40219.1
Project("{FAE04EC0-301F-11D3-BF4B-00C04F79EFBC}") = "NotificationDemo", "NotificationDemo.csproj", "{A3BD5E82-C41B-43D9-A4D4-1363A15D2610}"
EndProject
Global
	GlobalSection(SolutionConfigurationPlatforms) = preSolution
		Debug|Any CPU = Debug|Any CPU
		Release|Any CPU = Release|Any CPU
	EndGlobalSection
	GlobalSection(ProjectConfigurationPlatforms) = postSolution
		{A3BD5E82-C41B-43D9-A4D4-1363A15D2610}.Debug|Any CPU.ActiveCfg = Debug|Any CPU
		{A3BD5E82-C41B-43D9-A4D4-1363A15D2610}.Debug|Any CPU.Build.0 = Debug|Any CPU
		{A3BD5E82-C41B-43D9-A4D4-1363A15D2610}.Release|Any CPU.ActiveCfg = Release|Any CPU
		{A3BD5E82-C41B-43D9-A4D4-1363A15D2610}.Release|Any CPU.Build.0 = Release|Any CPU
	EndGlobalSection
	GlobalSection(SolutionProperties) = preSolution
		HideSolutionNode = FALSE
	EndGlobalSection
	GlobalSection(ExtensibilityGlobals) = postSolution
		SolutionGuid = {1F8E38E8-BB2E-4934-A894-15570E846C24}
	EndGlobalSection
EndGlobal
