
Microsoft Visual Studio Solution File, Format Version 12.00
# Visual Studio Version 16
VisualStudioVersion = 16.0.32228.343
MinimumVisualStudioVersion = 10.0.40219.1
Project("{FAE04EC0-301F-11D3-BF4B-00C04F79EFBC}") = "QuickMVVMSetup", "QuickMVVMSetup\QuickMVVMSetup.csproj", "{5F5DE213-A0E6-4E77-9004-E9642A0CD58C}"
EndProject
Global
	GlobalSection(SolutionConfigurationPlatforms) = preSolution
		Debug|Any CPU = Debug|Any CPU
		Release|Any CPU = Release|Any CPU
	EndGlobalSection
	GlobalSection(ProjectConfigurationPlatforms) = postSolution
		{5F5DE213-A0E6-4E77-9004-E9642A0CD58C}.Debug|Any CPU.ActiveCfg = Debug|Any CPU
		{5F5DE213-A0E6-4E77-9004-E9642A0CD58C}.Debug|Any CPU.Build.0 = Debug|Any CPU
		{5F5DE213-A0E6-4E77-9004-E9642A0CD58C}.Release|Any CPU.ActiveCfg = Release|Any CPU
		{5F5DE213-A0E6-4E77-9004-E9642A0CD58C}.Release|Any CPU.Build.0 = Release|Any CPU
	EndGlobalSection
	GlobalSection(SolutionProperties) = preSolution
		HideSolutionNode = FALSE
	EndGlobalSection
	GlobalSection(ExtensibilityGlobals) = postSolution
		SolutionGuid = {7F2A16E3-EFAE-4286-8CA0-0F69F068D370}
	EndGlobalSection
EndGlobal
