
Microsoft Visual Studio Solution File, Format Version 12.00
# Visual Studio Version 16
VisualStudioVersion = 16.0.31424.327
MinimumVisualStudioVersion = 10.0.40219.1
Project("{FAE04EC0-301F-11D3-BF4B-00C04F79EFBC}") = "Globalization.Test", "Globalization.Test.csproj", "{0EED4395-C11C-455C-B04A-C9748547EF9D}"
EndProject
Project("{FAE04EC0-301F-11D3-BF4B-00C04F79EFBC}") = "Globalization.External", "Globalization.External\Globalization.External.csproj", "{8CEDE103-6CD6-4259-806D-6C785DD36D38}"
EndProject
Global
	GlobalSection(SolutionConfigurationPlatforms) = preSolution
		Debug|Any CPU = Debug|Any CPU
		Release|Any CPU = Release|Any CPU
	EndGlobalSection
	GlobalSection(ProjectConfigurationPlatforms) = postSolution
		{0EED4395-C11C-455C-B04A-C9748547EF9D}.Debug|Any CPU.ActiveCfg = Debug|Any CPU
		{0EED4395-C11C-455C-B04A-C9748547EF9D}.Debug|Any CPU.Build.0 = Debug|Any CPU
		{0EED4395-C11C-455C-B04A-C9748547EF9D}.Release|Any CPU.ActiveCfg = Release|Any CPU
		{0EED4395-C11C-455C-B04A-C9748547EF9D}.Release|Any CPU.Build.0 = Release|Any CPU
		{8CEDE103-6CD6-4259-806D-6C785DD36D38}.Debug|Any CPU.ActiveCfg = Debug|Any CPU
		{8CEDE103-6CD6-4259-806D-6C785DD36D38}.Debug|Any CPU.Build.0 = Debug|Any CPU
		{8CEDE103-6CD6-4259-806D-6C785DD36D38}.Release|Any CPU.ActiveCfg = Release|Any CPU
		{8CEDE103-6CD6-4259-806D-6C785DD36D38}.Release|Any CPU.Build.0 = Release|Any CPU
	EndGlobalSection
	GlobalSection(SolutionProperties) = preSolution
		HideSolutionNode = FALSE
	EndGlobalSection
	GlobalSection(ExtensibilityGlobals) = postSolution
		SolutionGuid = {4DED3533-5942-422B-B6ED-CAAB06D61CC4}
	EndGlobalSection
EndGlobal
