
Microsoft Visual Studio Solution File, Format Version 12.00
# Visual Studio Version 17
VisualStudioVersion = 17.5.33516.290
MinimumVisualStudioVersion = 10.0.40219.1
Project("{FAE04EC0-301F-11D3-BF4B-00C04F79EFBC}") = "AmazonScraping", "AmazonScraping.csproj", "{AF3C7A5E-1BC3-4171-ABFC-EBEBD0550453}"
EndProject
Global
	GlobalSection(SolutionConfigurationPlatforms) = preSolution
		Debug|Any CPU = Debug|Any CPU
		Release|Any CPU = Release|Any CPU
	EndGlobalSection
	GlobalSection(ProjectConfigurationPlatforms) = postSolution
		{AF3C7A5E-1BC3-4171-ABFC-EBEBD0550453}.Debug|Any CPU.ActiveCfg = Debug|Any CPU
		{AF3C7A5E-1BC3-4171-ABFC-EBEBD0550453}.Debug|Any CPU.Build.0 = Debug|Any CPU
		{AF3C7A5E-1BC3-4171-ABFC-EBEBD0550453}.Release|Any CPU.ActiveCfg = Release|Any CPU
		{AF3C7A5E-1BC3-4171-ABFC-EBEBD0550453}.Release|Any CPU.Build.0 = Release|Any CPU
	EndGlobalSection
	GlobalSection(SolutionProperties) = preSolution
		HideSolutionNode = FALSE
	EndGlobalSection
	GlobalSection(ExtensibilityGlobals) = postSolution
		SolutionGuid = {FF2F28E1-6136-410F-BD0E-D075B03AA12B}
	EndGlobalSection
EndGlobal
