
Microsoft Visual Studio Solution File, Format Version 12.00
# Visual Studio Version 17
VisualStudioVersion = 17.5.33516.290
MinimumVisualStudioVersion = 10.0.40219.1
Project("{FAE04EC0-301F-11D3-BF4B-00C04F79EFBC}") = "SimpleNavigation", "SimpleNavigation.csproj", "{2570F41B-963A-4678-A124-52159F316753}"
EndProject
Global
	GlobalSection(SolutionConfigurationPlatforms) = preSolution
		Debug|Any CPU = Debug|Any CPU
		Release|Any CPU = Release|Any CPU
	EndGlobalSection
	GlobalSection(ProjectConfigurationPlatforms) = postSolution
		{2570F41B-963A-4678-A124-52159F316753}.Debug|Any CPU.ActiveCfg = Debug|Any CPU
		{2570F41B-963A-4678-A124-52159F316753}.Debug|Any CPU.Build.0 = Debug|Any CPU
		{2570F41B-963A-4678-A124-52159F316753}.Release|Any CPU.ActiveCfg = Release|Any CPU
		{2570F41B-963A-4678-A124-52159F316753}.Release|Any CPU.Build.0 = Release|Any CPU
	EndGlobalSection
	GlobalSection(SolutionProperties) = preSolution
		HideSolutionNode = FALSE
	EndGlobalSection
	GlobalSection(ExtensibilityGlobals) = postSolution
		SolutionGuid = {B3854726-69EC-487E-8AC7-5846DB6C93DD}
	EndGlobalSection
EndGlobal
