
Microsoft Visual Studio Solution File, Format Version 12.00
# Visual Studio Version 17
VisualStudioVersion = 17.2.32616.157
MinimumVisualStudioVersion = 10.0.40219.1
Project("{FAE04EC0-301F-11D3-BF4B-00C04F79EFBC}") = "WPFToggleButton", "WPFToggleButton\WPFToggleButton.csproj", "{92E6F09E-1E90-46DB-8FDC-F7952A0AD503}"
EndProject
Project("{FAE04EC0-301F-11D3-BF4B-00C04F79EFBC}") = "ToggleBtnDemo", "ToggleBtnDemo\ToggleBtnDemo.csproj", "{89D5614B-8CD1-41C0-A44B-2CFD039EEDB0}"
EndProject
Global
	GlobalSection(SolutionConfigurationPlatforms) = preSolution
		Debug|Any CPU = Debug|Any CPU
		Release|Any CPU = Release|Any CPU
	EndGlobalSection
	GlobalSection(ProjectConfigurationPlatforms) = postSolution
		{92E6F09E-1E90-46DB-8FDC-F7952A0AD503}.Debug|Any CPU.ActiveCfg = Debug|Any CPU
		{92E6F09E-1E90-46DB-8FDC-F7952A0AD503}.Debug|Any CPU.Build.0 = Debug|Any CPU
		{92E6F09E-1E90-46DB-8FDC-F7952A0AD503}.Release|Any CPU.ActiveCfg = Release|Any CPU
		{92E6F09E-1E90-46DB-8FDC-F7952A0AD503}.Release|Any CPU.Build.0 = Release|Any CPU
		{89D5614B-8CD1-41C0-A44B-2CFD039EEDB0}.Debug|Any CPU.ActiveCfg = Debug|Any CPU
		{89D5614B-8CD1-41C0-A44B-2CFD039EEDB0}.Debug|Any CPU.Build.0 = Debug|Any CPU
		{89D5614B-8CD1-41C0-A44B-2CFD039EEDB0}.Release|Any CPU.ActiveCfg = Release|Any CPU
		{89D5614B-8CD1-41C0-A44B-2CFD039EEDB0}.Release|Any CPU.Build.0 = Release|Any CPU
	EndGlobalSection
	GlobalSection(SolutionProperties) = preSolution
		HideSolutionNode = FALSE
	EndGlobalSection
	GlobalSection(ExtensibilityGlobals) = postSolution
		SolutionGuid = {7DA311BD-F31B-4C81-BC18-D0D56B8354D4}
	EndGlobalSection
EndGlobal
