
Microsoft Visual Studio Solution File, Format Version 12.00
# Visual Studio Version 17
VisualStudioVersion = 17.2.32616.157
MinimumVisualStudioVersion = 10.0.40219.1
Project("{FAE04EC0-301F-11D3-BF4B-00C04F79EFBC}") = "LoadingAnimation", "LoadingAnimation\LoadingAnimation.csproj", "{624C6B22-7E66-4F82-8D22-173FEB601A3D}"
EndProject
Global
	GlobalSection(SolutionConfigurationPlatforms) = preSolution
		Debug|Any CPU = Debug|Any CPU
		Release|Any CPU = Release|Any CPU
	EndGlobalSection
	GlobalSection(ProjectConfigurationPlatforms) = postSolution
		{624C6B22-7E66-4F82-8D22-173FEB601A3D}.Debug|Any CPU.ActiveCfg = Debug|Any CPU
		{624C6B22-7E66-4F82-8D22-173FEB601A3D}.Debug|Any CPU.Build.0 = Debug|Any CPU
		{624C6B22-7E66-4F82-8D22-173FEB601A3D}.Release|Any CPU.ActiveCfg = Release|Any CPU
		{624C6B22-7E66-4F82-8D22-173FEB601A3D}.Release|Any CPU.Build.0 = Release|Any CPU
	EndGlobalSection
	GlobalSection(SolutionProperties) = preSolution
		HideSolutionNode = FALSE
	EndGlobalSection
	GlobalSection(ExtensibilityGlobals) = postSolution
		SolutionGuid = {5BD561D7-0443-4940-8B3D-2BD3904EECE7}
	EndGlobalSection
EndGlobal
