
Microsoft Visual Studio Solution File, Format Version 12.00
# Visual Studio Version 17
VisualStudioVersion = 17.2.32516.85
MinimumVisualStudioVersion = 10.0.40219.1
Project("{FAE04EC0-301F-11D3-BF4B-00C04F79EFBC}") = "RoundButtonDemo", "RoundButtonDemo\RoundButtonDemo.csproj", "{620D3A9D-63F7-487D-BEC5-A1E1A364ED37}"
EndProject
Global
	GlobalSection(SolutionConfigurationPlatforms) = preSolution
		Debug|Any CPU = Debug|Any CPU
		Release|Any CPU = Release|Any CPU
	EndGlobalSection
	GlobalSection(ProjectConfigurationPlatforms) = postSolution
		{620D3A9D-63F7-487D-BEC5-A1E1A364ED37}.Debug|Any CPU.ActiveCfg = Debug|Any CPU
		{620D3A9D-63F7-487D-BEC5-A1E1A364ED37}.Debug|Any CPU.Build.0 = Debug|Any CPU
		{620D3A9D-63F7-487D-BEC5-A1E1A364ED37}.Release|Any CPU.ActiveCfg = Release|Any CPU
		{620D3A9D-63F7-487D-BEC5-A1E1A364ED37}.Release|Any CPU.Build.0 = Release|Any CPU
	EndGlobalSection
	GlobalSection(SolutionProperties) = preSolution
		HideSolutionNode = FALSE
	EndGlobalSection
	GlobalSection(ExtensibilityGlobals) = postSolution
		SolutionGuid = {B238507B-33D5-4D17-BB68-B94FA38CD0CA}
	EndGlobalSection
EndGlobal
